
Microsoft Visual Studio Solution File, Format Version 12.00
# Visual Studio Version 16
VisualStudioVersion = 16.0.30011.22
MinimumVisualStudioVersion = 10.0.40219.1
Project("{FAE04EC0-301F-11D3-BF4B-00C04F79EFBC}") = "SnackApp", "SnackApp\SnackApp.csproj", "{0CE8A5CF-DE3B-454C-8786-394903C8C00B}"
EndProject
Global
	GlobalSection(SolutionConfigurationPlatforms) = preSolution
		Debug|Any CPU = Debug|Any CPU
		Release|Any CPU = Release|Any CPU
	EndGlobalSection
	GlobalSection(ProjectConfigurationPlatforms) = postSolution
		{0CE8A5CF-DE3B-454C-8786-394903C8C00B}.Debug|Any CPU.ActiveCfg = Debug|Any CPU
		{0CE8A5CF-DE3B-454C-8786-394903C8C00B}.Debug|Any CPU.Build.0 = Debug|Any CPU
		{0CE8A5CF-DE3B-454C-8786-394903C8C00B}.Release|Any CPU.ActiveCfg = Release|Any CPU
		{0CE8A5CF-DE3B-454C-8786-394903C8C00B}.Release|Any CPU.Build.0 = Release|Any CPU
	EndGlobalSection
	GlobalSection(SolutionProperties) = preSolution
		HideSolutionNode = FALSE
	EndGlobalSection
	GlobalSection(ExtensibilityGlobals) = postSolution
		SolutionGuid = {53D663B2-77CF-42DE-81EE-55D7767FBABE}
	EndGlobalSection
EndGlobal
